// !$*UTF8*$!
{
	archiveVersion = 1;
	classes = {
	};
	objectVersion = 50;
	objects = {

/* Begin PBXBuildFile section */
		A87DD5CE25A1273100A84F6F /* accountingSimulatorApp.swift in Sources */ = {isa = PBXBuildFile; fileRef = A87DD5CD25A1273100A84F6F /* accountingSimulatorApp.swift */; };
		A87DD5D025A1273100A84F6F /* ContentView.swift in Sources */ = {isa = PBXBuildFile; fileRef = A87DD5CF25A1273100A84F6F /* ContentView.swift */; };
		A87DD5D225A1273200A84F6F /* Assets.xcassets in Resources */ = {isa = PBXBuildFile; fileRef = A87DD5D125A1273200A84F6F /* Assets.xcassets */; };
		A87DD5D525A1273200A84F6F /* Preview Assets.xcassets in Resources */ = {isa = PBXBuildFile; fileRef = A87DD5D425A1273200A84F6F /* Preview Assets.xcassets */; };
		A87DD5D725A1273200A84F6F /* Persistence.swift in Sources */ = {isa = PBXBuildFile; fileRef = A87DD5D625A1273200A84F6F /* Persistence.swift */; };
		A87DD5DA25A1273200A84F6F /* accountingSimulator.xcdatamodeld in Sources */ = {isa = PBXBuildFile; fileRef = A87DD5D825A1273200A84F6F /* accountingSimulator.xcdatamodeld */; };
		A87DD5E525A1273200A84F6F /* accountingSimulatorTests.swift in Sources */ = {isa = PBXBuildFile; fileRef = A87DD5E425A1273200A84F6F /* accountingSimulatorTests.swift */; };
		A87DD5F025A1273200A84F6F /* accountingSimulatorUITests.swift in Sources */ = {isa = PBXBuildFile; fileRef = A87DD5EF25A1273200A84F6F /* accountingSimulatorUITests.swift */; };
/* End PBXBuildFile section */

/* Begin PBXContainerItemProxy section */
		A87DD5E125A1273200A84F6F /* PBXContainerItemProxy */ = {
			isa = PBXContainerItemProxy;
			containerPortal = A87DD5C225A1273100A84F6F /* Project object */;
			proxyType = 1;
			remoteGlobalIDString = A87DD5C925A1273100A84F6F;
			remoteInfo = accountingSimulator;
		};
		A87DD5EC25A1273200A84F6F /* PBXContainerItemProxy */ = {
			isa = PBXContainerItemProxy;
			containerPortal = A87DD5C225A1273100A84F6F /* Project object */;
			proxyType = 1;
			remoteGlobalIDString = A87DD5C925A1273100A84F6F;
			remoteInfo = accountingSimulator;
		};
/* End PBXContainerItemProxy section */

/* Begin PBXFileReference section */
		A87DD5CA25A1273100A84F6F /* accountingSimulator.app */ = {isa = PBXFileReference; explicitFileType = wrapper.application; includeInIndex = 0; path = accountingSimulator.app; sourceTree = BUILT_PRODUCTS_DIR; };
		A87DD5CD25A1273100A84F6F /* accountingSimulatorApp.swift */ = {isa = PBXFileReference; lastKnownFileType = sourcecode.swift; path = accountingSimulatorApp.swift; sourceTree = "<group>"; };
		A87DD5CF25A1273100A84F6F /* ContentView.swift */ = {isa = PBXFileReference; lastKnownFileType = sourcecode.swift; path = ContentView.swift; sourceTree = "<group>"; };
		A87DD5D125A1273200A84F6F /* Assets.xcassets */ = {isa = PBXFileReference; lastKnownFileType = folder.assetcatalog; path = Assets.xcassets; sourceTree = "<group>"; };
		A87DD5D425A1273200A84F6F /* Preview Assets.xcassets */ = {isa = PBXFileReference; lastKnownFileType = folder.assetcatalog; path = "Preview Assets.xcassets"; sourceTree = "<group>"; };
		A87DD5D625A1273200A84F6F /* Persistence.swift */ = {isa = PBXFileReference; lastKnownFileType = sourcecode.swift; path = Persistence.swift; sourceTree = "<group>"; };
		A87DD5D925A1273200A84F6F /* accountingSimulator.xcdatamodel */ = {isa = PBXFileReference; lastKnownFileType = wrapper.xcdatamodel; path = accountingSimulator.xcdatamodel; sourceTree = "<group>"; };
		A87DD5DB25A1273200A84F6F /* Info.plist */ = {isa = PBXFileReference; lastKnownFileType = text.plist.xml; path = Info.plist; sourceTree = "<group>"; };
		A87DD5E025A1273200A84F6F /* accountingSimulatorTests.xctest */ = {isa = PBXFileReference; explicitFileType = wrapper.cfbundle; includeInIndex = 0; path = accountingSimulatorTests.xctest; sourceTree = BUILT_PRODUCTS_DIR; };
		A87DD5E425A1273200A84F6F /* accountingSimulatorTests.swift */ = {isa = PBXFileReference; lastKnownFileType = sourcecode.swift; path = accountingSimulatorTests.swift; sourceTree = "<group>"; };
		A87DD5E625A1273200A84F6F /* Info.plist */ = {isa = PBXFileReference; lastKnownFileType = text.plist.xml; path = Info.plist; sourceTree = "<group>"; };
		A87DD5EB25A1273200A84F6F /* accountingSimulatorUITests.xctest */ = {isa = PBXFileReference; explicitFileType = wrapper.cfbundle; includeInIndex = 0; path = accountingSimulatorUITests.xctest; sourceTree = BUILT_PRODUCTS_DIR; };
		A87DD5EF25A1273200A84F6F /* accountingSimulatorUITests.swift */ = {isa = PBXFileReference; lastKnownFileType = sourcecode.swift; path = accountingSimulatorUITests.swift; sourceTree = "<group>"; };
		A87DD5F125A1273300A84F6F /* Info.plist */ = {isa = PBXFileReference; lastKnownFileType = text.plist.xml; path = Info.plist; sourceTree = "<group>"; };
/* End PBXFileReference section */

/* Begin PBXFrameworksBuildPhase section */
		A87DD5C725A1273100A84F6F /* Frameworks */ = {
			isa = PBXFrameworksBuildPhase;
			buildActionMask = 2147483647;
			files = (
			);
			runOnlyForDeploymentPostprocessing = 0;
		};
		A87DD5DD25A1273200A84F6F /* Frameworks */ = {
			isa = PBXFrameworksBuildPhase;
			buildActionMask = 2147483647;
			files = (
			);
			runOnlyForDeploymentPostprocessing = 0;
		};
		A87DD5E825A1273200A84F6F /* Frameworks */ = {
			isa = PBXFrameworksBuildPhase;
			buildActionMask = 2147483647;
			files = (
			);
			runOnlyForDeploymentPostprocessing = 0;
		};
/* End PBXFrameworksBuildPhase section */

/* Begin PBXGroup section */
		A87DD5C125A1273100A84F6F = {
			isa = PBXGroup;
			children = (
				A87DD5CC25A1273100A84F6F /* accountingSimulator */,
				A87DD5E325A1273200A84F6F /* accountingSimulatorTests */,
				A87DD5EE25A1273200A84F6F /* accountingSimulatorUITests */,
				A87DD5CB25A1273100A84F6F /* Products */,
			);
			sourceTree = "<group>";
		};
		A87DD5CB25A1273100A84F6F /* Products */ = {
			isa = PBXGroup;
			children = (
				A87DD5CA25A1273100A84F6F /* accountingSimulator.app */,
				A87DD5E025A1273200A84F6F /* accountingSimulatorTests.xctest */,
				A87DD5EB25A1273200A84F6F /* accountingSimulatorUITests.xctest */,
			);
			name = Products;
			sourceTree = "<group>";
		};
		A87DD5CC25A1273100A84F6F /* accountingSimulator */ = {
			isa = PBXGroup;
			children = (
				A87DD5CD25A1273100A84F6F /* accountingSimulatorApp.swift */,
				A87DD5CF25A1273100A84F6F /* ContentView.swift */,
				A87DD5D125A1273200A84F6F /* Assets.xcassets */,
				A87DD5D625A1273200A84F6F /* Persistence.swift */,
				A87DD5DB25A1273200A84F6F /* Info.plist */,
				A87DD5D825A1273200A84F6F /* accountingSimulator.xcdatamodeld */,
				A87DD5D325A1273200A84F6F /* Preview Content */,
			);
			path = accountingSimulator;
			sourceTree = "<group>";
		};
		A87DD5D325A1273200A84F6F /* Preview Content */ = {
			isa = PBXGroup;
			children = (
				A87DD5D425A1273200A84F6F /* Preview Assets.xcassets */,
			);
			path = "Preview Content";
			sourceTree = "<group>";
		};
		A87DD5E325A1273200A84F6F /* accountingSimulatorTests */ = {
			isa = PBXGroup;
			children = (
				A87DD5E425A1273200A84F6F /* accountingSimulatorTests.swift */,
				A87DD5E625A1273200A84F6F /* Info.plist */,
			);
			path = accountingSimulatorTests;
			sourceTree = "<group>";
		};
		A87DD5EE25A1273200A84F6F /* accountingSimulatorUITests */ = {
			isa = PBXGroup;
			children = (
				A87DD5EF25A1273200A84F6F /* accountingSimulatorUITests.swift */,
				A87DD5F125A1273300A84F6F /* Info.plist */,
			);
			path = accountingSimulatorUITests;
			sourceTree = "<group>";
		};
/* End PBXGroup section */

/* Begin PBXNativeTarget section */
		A87DD5C925A1273100A84F6F /* accountingSimulator */ = {
			isa = PBXNativeTarget;
			buildConfigurationList = A87DD5F425A1273300A84F6F /* Build configuration list for PBXNativeTarget "accountingSimulator" */;
			buildPhases = (
				A87DD5C625A1273100A84F6F /* Sources */,
				A87DD5C725A1273100A84F6F /* Frameworks */,
				A87DD5C825A1273100A84F6F /* Resources */,
			);
			buildRules = (
			);
			dependencies = (
			);
			name = accountingSimulator;
			productName = accountingSimulator;
			productReference = A87DD5CA25A1273100A84F6F /* accountingSimulator.app */;
			productType = "com.apple.product-type.application";
		};
		A87DD5DF25A1273200A84F6F /* accountingSimulatorTests */ = {
			isa = PBXNativeTarget;
			buildConfigurationList = A87DD5F725A1273300A84F6F /* Build configuration list for PBXNativeTarget "accountingSimulatorTests" */;
			buildPhases = (
				A87DD5DC25A1273200A84F6F /* Sources */,
				A87DD5DD25A1273200A84F6F /* Frameworks */,
				A87DD5DE25A1273200A84F6F /* Resources */,
			);
			buildRules = (
			);
			dependencies = (
				A87DD5E225A1273200A84F6F /* PBXTargetDependency */,
			);
			name = accountingSimulatorTests;
			productName = accountingSimulatorTests;
			productReference = A87DD5E025A1273200A84F6F /* accountingSimulatorTests.xctest */;
			productType = "com.apple.product-type.bundle.unit-test";
		};
		A87DD5EA25A1273200A84F6F /* accountingSimulatorUITests */ = {
			isa = PBXNativeTarget;
			buildConfigurationList = A87DD5FA25A1273300A84F6F /* Build configuration list for PBXNativeTarget "accountingSimulatorUITests" */;
			buildPhases = (
				A87DD5E725A1273200A84F6F /* Sources */,
				A87DD5E825A1273200A84F6F /* Frameworks */,
				A87DD5E925A1273200A84F6F /* Resources */,
			);
			buildRules = (
			);
			dependencies = (
				A87DD5ED25A1273200A84F6F /* PBXTargetDependency */,
			);
			name = accountingSimulatorUITests;
			productName = accountingSimulatorUITests;
			productReference = A87DD5EB25A1273200A84F6F /* accountingSimulatorUITests.xctest */;
			productType = "com.apple.product-type.bundle.ui-testing";
		};
/* End PBXNativeTarget section */

/* Begin PBXProject section */
		A87DD5C225A1273100A84F6F /* Project object */ = {
			isa = PBXProject;
			attributes = {
				LastSwiftUpdateCheck = 1220;
				LastUpgradeCheck = 1220;
				TargetAttributes = {
					A87DD5C925A1273100A84F6F = {
						CreatedOnToolsVersion = 12.2;
					};
					A87DD5DF25A1273200A84F6F = {
						CreatedOnToolsVersion = 12.2;
						TestTargetID = A87DD5C925A1273100A84F6F;
					};
					A87DD5EA25A1273200A84F6F = {
						CreatedOnToolsVersion = 12.2;
						TestTargetID = A87DD5C925A1273100A84F6F;
					};
				};
			};
			buildConfigurationList = A87DD5C525A1273100A84F6F /* Build configuration list for PBXProject "accountingSimulator" */;
			compatibilityVersion = "Xcode 9.3";
			developmentRegion = en;
			hasScannedForEncodings = 0;
			knownRegions = (
				en,
				Base,
			);
			mainGroup = A87DD5C125A1273100A84F6F;
			productRefGroup = A87DD5CB25A1273100A84F6F /* Products */;
			projectDirPath = "";
			projectRoot = "";
			targets = (
				A87DD5C925A1273100A84F6F /* accountingSimulator */,
				A87DD5DF25A1273200A84F6F /* accountingSimulatorTests */,
				A87DD5EA25A1273200A84F6F /* accountingSimulatorUITests */,
			);
		};
/* End PBXProject section */

/* Begin PBXResourcesBuildPhase section */
		A87DD5C825A1273100A84F6F /* Resources */ = {
			isa = PBXResourcesBuildPhase;
			buildActionMask = 2147483647;
			files = (
				A87DD5D525A1273200A84F6F /* Preview Assets.xcassets in Resources */,
				A87DD5D225A1273200A84F6F /* Assets.xcassets in Resources */,
			);
			runOnlyForDeploymentPostprocessing = 0;
		};
		A87DD5DE25A1273200A84F6F /* Resources */ = {
			isa = PBXResourcesBuildPhase;
			buildActionMask = 2147483647;
			files = (
			);
			runOnlyForDeploymentPostprocessing = 0;
		};
		A87DD5E925A1273200A84F6F /* Resources */ = {
			isa = PBXResourcesBuildPhase;
			buildActionMask = 2147483647;
			files = (
			);
			runOnlyForDeploymentPostprocessing = 0;
		};
/* End PBXResourcesBuildPhase section */

/* Begin PBXSourcesBuildPhase section */
		A87DD5C625A1273100A84F6F /* Sources */ = {
			isa = PBXSourcesBuildPhase;
			buildActionMask = 2147483647;
			files = (
				A87DD5D725A1273200A84F6F /* Persistence.swift in Sources */,
				A87DD5D025A1273100A84F6F /* ContentView.swift in Sources */,
				A87DD5DA25A1273200A84F6F /* accountingSimulator.xcdatamodeld in Sources */,
				A87DD5CE25A1273100A84F6F /* accountingSimulatorApp.swift in Sources */,
			);
			runOnlyForDeploymentPostprocessing = 0;
		};
		A87DD5DC25A1273200A84F6F /* Sources */ = {
			isa = PBXSourcesBuildPhase;
			buildActionMask = 2147483647;
			files = (
				A87DD5E525A1273200A84F6F /* accountingSimulatorTests.swift in Sources */,
			);
			runOnlyForDeploymentPostprocessing = 0;
		};
		A87DD5E725A1273200A84F6F /* Sources */ = {
			isa = PBXSourcesBuildPhase;
			buildActionMask = 2147483647;
			files = (
				A87DD5F025A1273200A84F6F /* accountingSimulatorUITests.swift in Sources */,
			);
			runOnlyForDeploymentPostprocessing = 0;
		};
/* End PBXSourcesBuildPhase section */

/* Begin PBXTargetDependency section */
		A87DD5E225A1273200A84F6F /* PBXTargetDependency */ = {
			isa = PBXTargetDependency;
			target = A87DD5C925A1273100A84F6F /* accountingSimulator */;
			targetProxy = A87DD5E125A1273200A84F6F /* PBXContainerItemProxy */;
		};
		A87DD5ED25A1273200A84F6F /* PBXTargetDependency */ = {
			isa = PBXTargetDependency;
			target = A87DD5C925A1273100A84F6F /* accountingSimulator */;
			targetProxy = A87DD5EC25A1273200A84F6F /* PBXContainerItemProxy */;
		};
/* End PBXTargetDependency section */

/* Begin XCBuildConfiguration section */
		A87DD5F225A1273300A84F6F /* Debug */ = {
			isa = XCBuildConfiguration;
			buildSettings = {
				ALWAYS_SEARCH_USER_PATHS = NO;
				CLANG_ANALYZER_NONNULL = YES;
				CLANG_ANALYZER_NUMBER_OBJECT_CONVERSION = YES_AGGRESSIVE;
				CLANG_CXX_LANGUAGE_STANDARD = "gnu++14";
				CLANG_CXX_LIBRARY = "libc++";
				CLANG_ENABLE_MODULES = YES;
				CLANG_ENABLE_OBJC_ARC = YES;
				CLANG_ENABLE_OBJC_WEAK = YES;
				CLANG_WARN_BLOCK_CAPTURE_AUTORELEASING = YES;
				CLANG_WARN_BOOL_CONVERSION = YES;
				CLANG_WARN_COMMA = YES;
				CLANG_WARN_CONSTANT_CONVERSION = YES;
				CLANG_WARN_DEPRECATED_OBJC_IMPLEMENTATIONS = YES;
				CLANG_WARN_DIRECT_OBJC_ISA_USAGE = YES_ERROR;
				CLANG_WARN_DOCUMENTATION_COMMENTS = YES;
				CLANG_WARN_EMPTY_BODY = YES;
				CLANG_WARN_ENUM_CONVERSION = YES;
				CLANG_WARN_INFINITE_RECURSION = YES;
				CLANG_WARN_INT_CONVERSION = YES;
				CLANG_WARN_NON_LITERAL_NULL_CONVERSION = YES;
				CLANG_WARN_OBJC_IMPLICIT_RETAIN_SELF = YES;
				CLANG_WARN_OBJC_LITERAL_CONVERSION = YES;
				CLANG_WARN_OBJC_ROOT_CLASS = YES_ERROR;
				CLANG_WARN_QUOTED_INCLUDE_IN_FRAMEWORK_HEADER = YES;
				CLANG_WARN_RANGE_LOOP_ANALYSIS = YES;
				CLANG_WARN_STRICT_PROTOTYPES = YES;
				CLANG_WARN_SUSPICIOUS_MOVE = YES;
				CLANG_WARN_UNGUARDED_AVAILABILITY = YES_AGGRESSIVE;
				CLANG_WARN_UNREACHABLE_CODE = YES;
				CLANG_WARN__DUPLICATE_METHOD_MATCH = YES;
				COPY_PHASE_STRIP = NO;
				DEBUG_INFORMATION_FORMAT = dwarf;
				ENABLE_STRICT_OBJC_MSGSEND = YES;
				ENABLE_TESTABILITY = YES;
				GCC_C_LANGUAGE_STANDARD = gnu11;
				GCC_DYNAMIC_NO_PIC = NO;
				GCC_NO_COMMON_BLOCKS = YES;
				GCC_OPTIMIZATION_LEVEL = 0;
				GCC_PREPROCESSOR_DEFINITIONS = (
					"DEBUG=1",
					"$(inherited)",
				);
				GCC_WARN_64_TO_32_BIT_CONVERSION = YES;
				GCC_WARN_ABOUT_RETURN_TYPE = YES_ERROR;
				GCC_WARN_UNDECLARED_SELECTOR = YES;
				GCC_WARN_UNINITIALIZED_AUTOS = YES_AGGRESSIVE;
				GCC_WARN_UNUSED_FUNCTION = YES;
				GCC_WARN_UNUSED_VARIABLE = YES;
				IPHONEOS_DEPLOYMENT_TARGET = 14.2;
				MTL_ENABLE_DEBUG_INFO = INCLUDE_SOURCE;
				MTL_FAST_MATH = YES;
				ONLY_ACTIVE_ARCH = YES;
				SDKROOT = iphoneos;
				SWIFT_ACTIVE_COMPILATION_CONDITIONS = DEBUG;
				SWIFT_OPTIMIZATION_LEVEL = "-Onone";
			};
			name = Debug;
		};
		A87DD5F325A1273300A84F6F /* Release */ = {
			isa = XCBuildConfiguration;
			buildSettings = {
				ALWAYS_SEARCH_USER_PATHS = NO;
				CLANG_ANALYZER_NONNULL = YES;
				CLANG_ANALYZER_NUMBER_OBJECT_CONVERSION = YES_AGGRESSIVE;
				CLANG_CXX_LANGUAGE_STANDARD = "gnu++14";
				CLANG_CXX_LIBRARY = "libc++";
				CLANG_ENABLE_MODULES = YES;
				CLANG_ENABLE_OBJC_ARC = YES;
				CLANG_ENABLE_OBJC_WEAK = YES;
				CLANG_WARN_BLOCK_CAPTURE_AUTORELEASING = YES;
				CLANG_WARN_BOOL_CONVERSION = YES;
				CLANG_WARN_COMMA = YES;
				CLANG_WARN_CONSTANT_CONVERSION = YES;
				CLANG_WARN_DEPRECATED_OBJC_IMPLEMENTATIONS = YES;
				CLANG_WARN_DIRECT_OBJC_ISA_USAGE = YES_ERROR;
				CLANG_WARN_DOCUMENTATION_COMMENTS = YES;
				CLANG_WARN_EMPTY_BODY = YES;
				CLANG_WARN_ENUM_CONVERSION = YES;
				CLANG_WARN_INFINITE_RECURSION = YES;
				CLANG_WARN_INT_CONVERSION = YES;
				CLANG_WARN_NON_LITERAL_NULL_CONVERSION = YES;
				CLANG_WARN_OBJC_IMPLICIT_RETAIN_SELF = YES;
				CLANG_WARN_OBJC_LITERAL_CONVERSION = YES;
				CLANG_WARN_OBJC_ROOT_CLASS = YES_ERROR;
				CLANG_WARN_QUOTED_INCLUDE_IN_FRAMEWORK_HEADER = YES;
				CLANG_WARN_RANGE_LOOP_ANALYSIS = YES;
				CLANG_WARN_STRICT_PROTOTYPES = YES;
				CLANG_WARN_SUSPICIOUS_MOVE = YES;
				CLANG_WARN_UNGUARDED_AVAILABILITY = YES_AGGRESSIVE;
				CLANG_WARN_UNREACHABLE_CODE = YES;
				CLANG_WARN__DUPLICATE_METHOD_MATCH = YES;
				COPY_PHASE_STRIP = NO;
				DEBUG_INFORMATION_FORMAT = "dwarf-with-dsym";
				ENABLE_NS_ASSERTIONS = NO;
				ENABLE_STRICT_OBJC_MSGSEND = YES;
				GCC_C_LANGUAGE_STANDARD = gnu11;
				GCC_NO_COMMON_BLOCKS = YES;
				GCC_WARN_64_TO_32_BIT_CONVERSION = YES;
				GCC_WARN_ABOUT_RETURN_TYPE = YES_ERROR;
				GCC_WARN_UNDECLARED_SELECTOR = YES;
				GCC_WARN_UNINITIALIZED_AUTOS = YES_AGGRESSIVE;
				GCC_WARN_UNUSED_FUNCTION = YES;
				GCC_WARN_UNUSED_VARIABLE = YES;
				IPHONEOS_DEPLOYMENT_TARGET = 14.2;
				MTL_ENABLE_DEBUG_INFO = NO;
				MTL_FAST_MATH = YES;
				SDKROOT = iphoneos;
				SWIFT_COMPILATION_MODE = wholemodule;
				SWIFT_OPTIMIZATION_LEVEL = "-O";
				VALIDATE_PRODUCT = YES;
			};
			name = Release;
		};
		A87DD5F525A1273300A84F6F /* Debug */ = {
			isa = XCBuildConfiguration;
			buildSettings = {
				ASSETCATALOG_COMPILER_APPICON_NAME = AppIcon;
				ASSETCATALOG_COMPILER_GLOBAL_ACCENT_COLOR_NAME = AccentColor;
				CODE_SIGN_STYLE = Automatic;
				DEVELOPMENT_ASSET_PATHS = "\"accountingSimulator/Preview Content\"";
				DEVELOPMENT_TEAM = KSQBDY27GR;
				ENABLE_PREVIEWS = YES;
				INFOPLIST_FILE = accountingSimulator/Info.plist;
				IPHONEOS_DEPLOYMENT_TARGET = 14.0;
				LD_RUNPATH_SEARCH_PATHS = (
					"$(inherited)",
					"@executable_path/Frameworks",
				);
				PRODUCT_BUNDLE_IDENTIFIER = EBG.accountingSimulator;
				PRODUCT_NAME = "$(TARGET_NAME)";
				SWIFT_VERSION = 5.0;
				TARGETED_DEVICE_FAMILY = "1,2";
			};
			name = Debug;
		};
		A87DD5F625A1273300A84F6F /* Release */ = {
			isa = XCBuildConfiguration;
			buildSettings = {
				ASSETCATALOG_COMPILER_APPICON_NAME = AppIcon;
				ASSETCATALOG_COMPILER_GLOBAL_ACCENT_COLOR_NAME = AccentColor;
				CODE_SIGN_STYLE = Automatic;
				DEVELOPMENT_ASSET_PATHS = "\"accountingSimulator/Preview Content\"";
				DEVELOPMENT_TEAM = KSQBDY27GR;
				ENABLE_PREVIEWS = YES;
				INFOPLIST_FILE = accountingSimulator/Info.plist;
				IPHONEOS_DEPLOYMENT_TARGET = 14.0;
				LD_RUNPATH_SEARCH_PATHS = (
					"$(inherited)",
					"@executable_path/Frameworks",
				);
				PRODUCT_BUNDLE_IDENTIFIER = EBG.accountingSimulator;
				PRODUCT_NAME = "$(TARGET_NAME)";
				SWIFT_VERSION = 5.0;
				TARGETED_DEVICE_FAMILY = "1,2";
			};
			name = Release;
		};
		A87DD5F825A1273300A84F6F /* Debug */ = {
			isa = XCBuildConfiguration;
			buildSettings = {
				ALWAYS_EMBED_SWIFT_STANDARD_LIBRARIES = YES;
				BUNDLE_LOADER = "$(TEST_HOST)";
				CODE_SIGN_STYLE = Automatic;
				DEVELOPMENT_TEAM = KSQBDY27GR;
				INFOPLIST_FILE = accountingSimulatorTests/Info.plist;
				IPHONEOS_DEPLOYMENT_TARGET = 14.0;
				LD_RUNPATH_SEARCH_PATHS = (
					"$(inherited)",
					"@executable_path/Frameworks",
					"@loader_path/Frameworks",
				);
				PRODUCT_BUNDLE_IDENTIFIER = EBG.accountingSimulatorTests;
				PRODUCT_NAME = "$(TARGET_NAME)";
				SWIFT_VERSION = 5.0;
				TARGETED_DEVICE_FAMILY = "1,2";
				TEST_HOST = "$(BUILT_PRODUCTS_DIR)/accountingSimulator.app/accountingSimulator";
			};
			name = Debug;
		};
		A87DD5F925A1273300A84F6F /* Release */ = {
			isa = XCBuildConfiguration;
			buildSettings = {
				ALWAYS_EMBED_SWIFT_STANDARD_LIBRARIES = YES;
				BUNDLE_LOADER = "$(TEST_HOST)";
				CODE_SIGN_STYLE = Automatic;
				DEVELOPMENT_TEAM = KSQBDY27GR;
				INFOPLIST_FILE = accountingSimulatorTests/Info.plist;
				IPHONEOS_DEPLOYMENT_TARGET = 14.0;
				LD_RUNPATH_SEARCH_PATHS = (
					"$(inherited)",
					"@executable_path/Frameworks",
					"@loader_path/Frameworks",
				);
				PRODUCT_BUNDLE_IDENTIFIER = EBG.accountingSimulatorTests;
				PRODUCT_NAME = "$(TARGET_NAME)";
				SWIFT_VERSION = 5.0;
				TARGETED_DEVICE_FAMILY = "1,2";
				TEST_HOST = "$(BUILT_PRODUCTS_DIR)/accountingSimulator.app/accountingSimulator";
			};
			name = Release;
		};
		A87DD5FB25A1273300A84F6F /* Debug */ = {
			isa = XCBuildConfiguration;
			buildSettings = {
				ALWAYS_EMBED_SWIFT_STANDARD_LIBRARIES = YES;
				CODE_SIGN_STYLE = Automatic;
				DEVELOPMENT_TEAM = KSQBDY27GR;
				INFOPLIST_FILE = accountingSimulatorUITests/Info.plist;
				LD_RUNPATH_SEARCH_PATHS = (
					"$(inherited)",
					"@executable_path/Frameworks",
					"@loader_path/Frameworks",
				);
				PRODUCT_BUNDLE_IDENTIFIER = EBG.accountingSimulatorUITests;
				PRODUCT_NAME = "$(TARGET_NAME)";
				SWIFT_VERSION = 5.0;
				TARGETED_DEVICE_FAMILY = "1,2";
				TEST_TARGET_NAME = accountingSimulator;
			};
			name = Debug;
		};
		A87DD5FC25A1273300A84F6F /* Release */ = {
			isa = XCBuildConfiguration;
			buildSettings = {
				ALWAYS_EMBED_SWIFT_STANDARD_LIBRARIES = YES;
				CODE_SIGN_STYLE = Automatic;
				DEVELOPMENT_TEAM = KSQBDY27GR;
				INFOPLIST_FILE = accountingSimulatorUITests/Info.plist;
				LD_RUNPATH_SEARCH_PATHS = (
					"$(inherited)",
					"@executable_path/Frameworks",
					"@loader_path/Frameworks",
				);
				PRODUCT_BUNDLE_IDENTIFIER = EBG.accountingSimulatorUITests;
				PRODUCT_NAME = "$(TARGET_NAME)";
				SWIFT_VERSION = 5.0;
				TARGETED_DEVICE_FAMILY = "1,2";
				TEST_TARGET_NAME = accountingSimulator;
			};
			name = Release;
		};
/* End XCBuildConfiguration section */

/* Begin XCConfigurationList section */
		A87DD5C525A1273100A84F6F /* Build configuration list for PBXProject "accountingSimulator" */ = {
			isa = XCConfigurationList;
			buildConfigurations = (
				A87DD5F225A1273300A84F6F /* Debug */,
				A87DD5F325A1273300A84F6F /* Release */,
			);
			defaultConfigurationIsVisible = 0;
			defaultConfigurationName = Release;
		};
		A87DD5F425A1273300A84F6F /* Build configuration list for PBXNativeTarget "accountingSimulator" */ = {
			isa = XCConfigurationList;
			buildConfigurations = (
				A87DD5F525A1273300A84F6F /* Debug */,
				A87DD5F625A1273300A84F6F /* Release */,
			);
			defaultConfigurationIsVisible = 0;
			defaultConfigurationName = Release;
		};
		A87DD5F725A1273300A84F6F /* Build configuration list for PBXNativeTarget "accountingSimulatorTests" */ = {
			isa = XCConfigurationList;
			buildConfigurations = (
				A87DD5F825A1273300A84F6F /* Debug */,
				A87DD5F925A1273300A84F6F /* Release */,
			);
			defaultConfigurationIsVisible = 0;
			defaultConfigurationName = Release;
		};
		A87DD5FA25A1273300A84F6F /* Build configuration list for PBXNativeTarget "accountingSimulatorUITests" */ = {
			isa = XCConfigurationList;
			buildConfigurations = (
				A87DD5FB25A1273300A84F6F /* Debug */,
				A87DD5FC25A1273300A84F6F /* Release */,
			);
			defaultConfigurationIsVisible = 0;
			defaultConfigurationName = Release;
		};
/* End XCConfigurationList section */

/* Begin XCVersionGroup section */
		A87DD5D825A1273200A84F6F /* accountingSimulator.xcdatamodeld */ = {
			isa = XCVersionGroup;
			children = (
				A87DD5D925A1273200A84F6F /* accountingSimulator.xcdatamodel */,
			);
			currentVersion = A87DD5D925A1273200A84F6F /* accountingSimulator.xcdatamodel */;
			path = accountingSimulator.xcdatamodeld;
			sourceTree = "<group>";
			versionGroupType = wrapper.xcdatamodel;
		};
/* End XCVersionGroup section */
	};
	rootObject = A87DD5C225A1273100A84F6F /* Project object */;
}
